
Microsoft Visual Studio Solution File, Format Version 12.00
# Visual Studio Version 16
VisualStudioVersion = 16.0.30011.22
MinimumVisualStudioVersion = 10.0.40219.1
Project("{8BC9CEB8-8B4A-11D0-8D11-00A0C91BC942}") = "CUDA", "CUDA.vcxproj", "{1A5CE91D-3406-4182-BD4E-E65089A6F3AB}"
EndProject
Global
	GlobalSection(SolutionConfigurationPlatforms) = preSolution
		Debug|x64 = Debug|x64
		Release|x64 = Release|x64
	EndGlobalSection
	GlobalSection(ProjectConfigurationPlatforms) = postSolution
		{1A5CE91D-3406-4182-BD4E-E65089A6F3AB}.Debug|x64.ActiveCfg = Debug|x64
		{1A5CE91D-3406-4182-BD4E-E65089A6F3AB}.Debug|x64.Build.0 = Debug|x64
		{1A5CE91D-3406-4182-BD4E-E65089A6F3AB}.Release|x64.ActiveCfg = Release|x64
		{1A5CE91D-3406-4182-BD4E-E65089A6F3AB}.Release|x64.Build.0 = Release|x64
	EndGlobalSection
	GlobalSection(SolutionProperties) = preSolution
		HideSolutionNode = FALSE
	EndGlobalSection
	GlobalSection(ExtensibilityGlobals) = postSolution
		SolutionGuid = {5B82B57E-23A5-4565-AC92-43483D12F6DB}
	EndGlobalSection
EndGlobal
